{
  "name": "cmacc-compiler",
  "version": "2.0.14",
  "lockfileVersion": 1,
  "requires": true,
  "dependencies": {
    "ajv": {
      "version": "https://registry.npmjs.org/ajv/-/ajv-4.11.8.tgz",
      "integrity": "sha1-gv+wKynmYq5TvcIK8VlHcGc5xTY=",
      "requires": {
        "co": "https://registry.npmjs.org/co/-/co-4.6.0.tgz",
        "json-stable-stringify": "https://registry.npmjs.org/json-stable-stringify/-/json-stable-stringify-1.0.1.tgz"
      }
    },
    "argparse": {
      "version": "https://registry.npmjs.org/argparse/-/argparse-0.1.16.tgz",
      "integrity": "sha1-z9AeD7uj1srtBJ+9dY1A9lGW9Xw=",
      "requires": {
        "underscore": "https://registry.npmjs.org/underscore/-/underscore-1.7.0.tgz",
        "underscore.string": "https://registry.npmjs.org/underscore.string/-/underscore.string-2.4.0.tgz"
      }
    },
    "asap": {
      "version": "https://registry.npmjs.org/asap/-/asap-2.0.6.tgz",
      "integrity": "sha1-5QNHYR1+aQlDIIu9r+vLwvuGbUY="
    },
    "asn1": {
      "version": "https://registry.npmjs.org/asn1/-/asn1-0.2.3.tgz",
      "integrity": "sha1-2sh4dxPJlmhJ/IGAd36+nB3fO4Y="
    },
    "assert-plus": {
      "version": "https://registry.npmjs.org/assert-plus/-/assert-plus-0.2.0.tgz",
      "integrity": "sha1-104bh+ev/A24qttwIfP+SBAasjQ="
    },
    "async": {
      "version": "https://registry.npmjs.org/async/-/async-2.5.0.tgz",
      "integrity": "sha1-hDGQ/WtzV6C54clW7d3V7IRitU0=",
      "requires": {
        "lodash": "https://registry.npmjs.org/lodash/-/lodash-4.17.4.tgz"
      }
    },
    "asynckit": {
      "version": "https://registry.npmjs.org/asynckit/-/asynckit-0.4.0.tgz",
      "integrity": "sha1-x57Zf380y48robyXkLzDZkdLS3k="
    },
    "autolinker": {
      "version": "https://registry.npmjs.org/autolinker/-/autolinker-0.15.3.tgz",
      "integrity": "sha1-NCQX2PLzRhsUzwkIjV7fh5HcmDI="
    },
    "aws-sign2": {
      "version": "https://registry.npmjs.org/aws-sign2/-/aws-sign2-0.6.0.tgz",
      "integrity": "sha1-FDQt0428yU0OW4fXY81jYSwOeU8="
    },
    "aws4": {
      "version": "https://registry.npmjs.org/aws4/-/aws4-1.6.0.tgz",
      "integrity": "sha1-g+9cqGCysy5KDe7e6MdxudtXRx4="
    },
    "balanced-match": {
      "version": "http://artifactory.dev.bol.com/artifactory/api/npm/npm-bol/balanced-match/-/balanced-match-1.0.0.tgz",
      "integrity": "sha1-ibTRmasr7kneFk6gK4nORi1xt2c=",
      "dev": true
    },
    "bcrypt-pbkdf": {
      "version": "https://registry.npmjs.org/bcrypt-pbkdf/-/bcrypt-pbkdf-1.0.1.tgz",
      "integrity": "sha1-Y7xdy2EzG5K8Bf1SiVPDNGKgb40=",
      "optional": true,
      "requires": {
        "tweetnacl": "https://registry.npmjs.org/tweetnacl/-/tweetnacl-0.14.5.tgz"
      }
    },
    "boom": {
      "version": "https://registry.npmjs.org/boom/-/boom-2.10.1.tgz",
      "integrity": "sha1-OciRjO/1eZ+D+UkqhI9iWt0Mdm8=",
      "requires": {
        "hoek": "https://registry.npmjs.org/hoek/-/hoek-2.16.3.tgz"
      }
    },
    "brace-expansion": {
      "version": "http://artifactory.dev.bol.com/artifactory/api/npm/npm-bol/brace-expansion/-/brace-expansion-1.1.8.tgz",
      "integrity": "sha1-wHshHHyVLsH479Uad+8NHTmQopI=",
      "dev": true,
      "requires": {
        "balanced-match": "http://artifactory.dev.bol.com/artifactory/api/npm/npm-bol/balanced-match/-/balanced-match-1.0.0.tgz",
        "concat-map": "https://registry.npmjs.org/concat-map/-/concat-map-0.0.1.tgz"
      }
    },
    "browser-stdout": {
      "version": "https://registry.npmjs.org/browser-stdout/-/browser-stdout-1.3.0.tgz",
      "integrity": "sha1-81HTKWnTL6XXpVZxVCY9korjvR8=",
      "dev": true
    },
    "caseless": {
      "version": "https://registry.npmjs.org/caseless/-/caseless-0.12.0.tgz",
      "integrity": "sha1-G2gcIf+EAzyCZUMJBolCDRhxUdw="
    },
    "cmacc-example-helloworld": {
      "version": "git://github.com/cmacclang/cmacc-example-helloworld.git#95f5c251231019d5dbf7e4dd65a9406ec31f9a22",
      "integrity": "sha1-VEveih+V6HLitlMfqYEF9ZHMCZY="
    },
    "co": {
      "version": "https://registry.npmjs.org/co/-/co-4.6.0.tgz",
      "integrity": "sha1-bqa989hTrlTMuOR7+gvz+QMfsYQ="
    },
    "combined-stream": {
      "version": "https://registry.npmjs.org/combined-stream/-/combined-stream-1.0.5.tgz",
      "integrity": "sha1-k4NwpXtKUd6ix3wV1cX9+JUWQAk=",
      "requires": {
        "delayed-stream": "https://registry.npmjs.org/delayed-stream/-/delayed-stream-1.0.0.tgz"
      }
    },
    "commander": {
      "version": "https://registry.npmjs.org/commander/-/commander-2.9.0.tgz",
      "integrity": "sha1-nJkJQXbhIkDLItbFFGCYQA/g99Q=",
      "dev": true,
      "requires": {
        "graceful-readlink": "https://registry.npmjs.org/graceful-readlink/-/graceful-readlink-1.0.1.tgz"
      }
    },
    "concat-map": {
      "version": "https://registry.npmjs.org/concat-map/-/concat-map-0.0.1.tgz",
      "integrity": "sha1-2Klr13/Wjfd5OnMDajug1UBdR3s=",
      "dev": true
    },
    "concat-stream": {
      "version": "https://registry.npmjs.org/concat-stream/-/concat-stream-1.6.0.tgz",
      "integrity": "sha1-CqxmL9Ur54lk1VMvaUeE5wEQrPc=",
      "requires": {
        "inherits": "https://registry.npmjs.org/inherits/-/inherits-2.0.3.tgz",
        "readable-stream": "https://registry.npmjs.org/readable-stream/-/readable-stream-2.3.3.tgz",
        "typedarray": "https://registry.npmjs.org/typedarray/-/typedarray-0.0.6.tgz"
      }
    },
    "core-util-is": {
      "version": "https://registry.npmjs.org/core-util-is/-/core-util-is-1.0.2.tgz",
      "integrity": "sha1-tf1UIgqivFq1eqtxQMlAdUUDwac="
    },
    "cryptiles": {
      "version": "https://registry.npmjs.org/cryptiles/-/cryptiles-2.0.5.tgz",
      "integrity": "sha1-O9/s3GCBR8HGcgL6KR59ylnqo7g=",
      "requires": {
        "boom": "https://registry.npmjs.org/boom/-/boom-2.10.1.tgz"
      }
    },
    "dashdash": {
      "version": "https://registry.npmjs.org/dashdash/-/dashdash-1.14.1.tgz",
      "integrity": "sha1-hTz6D3y+L+1d4gMmuN1YEDX24vA=",
      "requires": {
        "assert-plus": "https://registry.npmjs.org/assert-plus/-/assert-plus-1.0.0.tgz"
      },
      "dependencies": {
        "assert-plus": {
          "version": "https://registry.npmjs.org/assert-plus/-/assert-plus-1.0.0.tgz",
          "integrity": "sha1-8S4PPF13sLHN2RRpQuTpbB5N1SU="
        }
      }
    },
    "debug": {
      "version": "https://registry.npmjs.org/debug/-/debug-2.6.0.tgz",
      "integrity": "sha1-vFlryr52F/Edn6FTYe3tVgi4SZs=",
      "dev": true,
      "requires": {
        "ms": "https://registry.npmjs.org/ms/-/ms-0.7.2.tgz"
      }
    },
    "delayed-stream": {
      "version": "https://registry.npmjs.org/delayed-stream/-/delayed-stream-1.0.0.tgz",
      "integrity": "sha1-3zrhmayt+31ECqrgsp4icrJOxhk="
    },
    "diff": {
      "version": "https://registry.npmjs.org/diff/-/diff-3.2.0.tgz",
      "integrity": "sha1-yc45Okt8vQsFinJck98pkCeGj/k=",
      "dev": true
    },
    "ecc-jsbn": {
      "version": "https://registry.npmjs.org/ecc-jsbn/-/ecc-jsbn-0.1.1.tgz",
      "integrity": "sha1-D8c6ntXw1Tw4GTOYUj735UN3dQU=",
      "optional": true,
      "requires": {
        "jsbn": "https://registry.npmjs.org/jsbn/-/jsbn-0.1.1.tgz"
      }
    },
    "encoding": {
      "version": "https://registry.npmjs.org/encoding/-/encoding-0.1.12.tgz",
      "integrity": "sha1-U4tm8+5izRq1HsMjgp0flIDHS+s=",
      "dev": true,
      "requires": {
        "iconv-lite": "http://artifactory.dev.bol.com/artifactory/api/npm/npm-bol/iconv-lite/-/iconv-lite-0.4.18.tgz"
      }
    },
    "escape-regexp": {
      "version": "https://registry.npmjs.org/escape-regexp/-/escape-regexp-0.0.1.tgz",
      "integrity": "sha1-9EvaEtRbvfnLf4Yu5+SCez3TIlQ=",
      "dev": true
    },
    "escape-string-regexp": {
      "version": "https://registry.npmjs.org/escape-string-regexp/-/escape-string-regexp-1.0.5.tgz",
      "integrity": "sha1-G2HAViGQqN/2rjuyzwIAyhMLhtQ=",
      "dev": true
    },
    "esprima": {
      "version": "https://registry.npmjs.org/esprima/-/esprima-4.0.0.tgz",
      "integrity": "sha1-RJnt3NERDgshi6zy+n9/WfVcqAQ="
    },
    "extend": {
      "version": "https://registry.npmjs.org/extend/-/extend-3.0.1.tgz",
      "integrity": "sha1-p1Xqe8Gt/MWjHOfnYtuq3F5jZEQ="
    },
    "extsprintf": {
      "version": "https://registry.npmjs.org/extsprintf/-/extsprintf-1.0.2.tgz",
      "integrity": "sha1-4QgOBljjALBilJkMxw4VAiNf1VA="
    },
    "fetch-mock": {
      "version": "https://registry.npmjs.org/fetch-mock/-/fetch-mock-5.12.1.tgz",
      "integrity": "sha1-sYCDEPUasobRtIeoyznfvssNCXo=",
      "dev": true,
      "requires": {
        "glob-to-regexp": "https://registry.npmjs.org/glob-to-regexp/-/glob-to-regexp-0.3.0.tgz",
        "node-fetch": "https://registry.npmjs.org/node-fetch/-/node-fetch-1.7.1.tgz",
        "path-to-regexp": "https://registry.npmjs.org/path-to-regexp/-/path-to-regexp-1.7.0.tgz"
      }
    },
    "find-root": {
      "version": "https://registry.npmjs.org/find-root/-/find-root-1.1.0.tgz",
      "integrity": "sha1-q8/Iunb3CMQql7PWhbfpRQv7nOQ="
    },
    "forever-agent": {
      "version": "https://registry.npmjs.org/forever-agent/-/forever-agent-0.6.1.tgz",
      "integrity": "sha1-+8cfDEGt6zf5bFd60e1C2P2sypE="
    },
    "form-data": {
      "version": "https://registry.npmjs.org/form-data/-/form-data-2.1.4.tgz",
      "integrity": "sha1-M8GDrPGTJ27KqYFDpp6Uv+4XUNE=",
      "requires": {
        "asynckit": "https://registry.npmjs.org/asynckit/-/asynckit-0.4.0.tgz",
        "combined-stream": "https://registry.npmjs.org/combined-stream/-/combined-stream-1.0.5.tgz",
        "mime-types": "https://registry.npmjs.org/mime-types/-/mime-types-2.1.16.tgz"
      }
    },
    "fs-mock": {
      "version": "https://registry.npmjs.org/fs-mock/-/fs-mock-1.2.1.tgz",
      "integrity": "sha1-LuZLgLgUEA5LpLY1eMvr4w0N7Xs=",
      "dev": true,
      "requires": {
        "escape-regexp": "https://registry.npmjs.org/escape-regexp/-/escape-regexp-0.0.1.tgz"
      }
    },
    "fs.realpath": {
      "version": "https://registry.npmjs.org/fs.realpath/-/fs.realpath-1.0.0.tgz",
      "integrity": "sha1-FQStJSMVjKpA20onh8sBQRmU6k8=",
      "dev": true
    },
    "getpass": {
      "version": "https://registry.npmjs.org/getpass/-/getpass-0.1.7.tgz",
      "integrity": "sha1-Xv+OPmhNVprkyysSgmBOi6YhSfo=",
      "requires": {
        "assert-plus": "https://registry.npmjs.org/assert-plus/-/assert-plus-1.0.0.tgz"
      },
      "dependencies": {
        "assert-plus": {
          "version": "https://registry.npmjs.org/assert-plus/-/assert-plus-1.0.0.tgz",
          "integrity": "sha1-8S4PPF13sLHN2RRpQuTpbB5N1SU="
        }
      }
    },
    "glob": {
      "version": "https://registry.npmjs.org/glob/-/glob-7.1.1.tgz",
      "integrity": "sha1-gFIR3wT6rxxjo2ADBs31reULLsg=",
      "dev": true,
      "requires": {
        "fs.realpath": "https://registry.npmjs.org/fs.realpath/-/fs.realpath-1.0.0.tgz",
        "inflight": "https://registry.npmjs.org/inflight/-/inflight-1.0.6.tgz",
        "inherits": "https://registry.npmjs.org/inherits/-/inherits-2.0.3.tgz",
        "minimatch": "https://registry.npmjs.org/minimatch/-/minimatch-3.0.4.tgz",
        "once": "https://registry.npmjs.org/once/-/once-1.4.0.tgz",
        "path-is-absolute": "https://registry.npmjs.org/path-is-absolute/-/path-is-absolute-1.0.1.tgz"
      }
    },
    "glob-to-regexp": {
      "version": "https://registry.npmjs.org/glob-to-regexp/-/glob-to-regexp-0.3.0.tgz",
      "integrity": "sha1-jFoUlNIGbFcMw7/kSWF1rMTVAqs=",
      "dev": true
    },
    "graceful-readlink": {
      "version": "https://registry.npmjs.org/graceful-readlink/-/graceful-readlink-1.0.1.tgz",
      "integrity": "sha1-TK+tdrxi8C+gObL5Tpo906ORpyU=",
      "dev": true
    },
    "growl": {
      "version": "https://registry.npmjs.org/growl/-/growl-1.9.2.tgz",
      "integrity": "sha1-Dqd0NxXbjY3ixe3hd14bRayFwC8=",
      "dev": true
    },
    "har-schema": {
      "version": "https://registry.npmjs.org/har-schema/-/har-schema-1.0.5.tgz",
      "integrity": "sha1-0mMTX0MwfALGAq/I/pWXDAFRNp4="
    },
    "har-validator": {
      "version": "https://registry.npmjs.org/har-validator/-/har-validator-4.2.1.tgz",
      "integrity": "sha1-M0gdDxu/9gDdID11gSpqX7oALio=",
      "requires": {
        "ajv": "https://registry.npmjs.org/ajv/-/ajv-4.11.8.tgz",
        "har-schema": "https://registry.npmjs.org/har-schema/-/har-schema-1.0.5.tgz"
      }
    },
    "has-flag": {
      "version": "https://registry.npmjs.org/has-flag/-/has-flag-1.0.0.tgz",
      "integrity": "sha1-nZ55MWXOAXoA8AQYxD+UKnsdEfo=",
      "dev": true
    },
    "hawk": {
      "version": "https://registry.npmjs.org/hawk/-/hawk-3.1.3.tgz",
      "integrity": "sha1-B4REvXwWQLD+VA0sm3PVlnjo4cQ=",
      "requires": {
        "boom": "https://registry.npmjs.org/boom/-/boom-2.10.1.tgz",
        "cryptiles": "https://registry.npmjs.org/cryptiles/-/cryptiles-2.0.5.tgz",
        "hoek": "https://registry.npmjs.org/hoek/-/hoek-2.16.3.tgz",
        "sntp": "https://registry.npmjs.org/sntp/-/sntp-1.0.9.tgz"
      }
    },
    "hoek": {
      "version": "https://registry.npmjs.org/hoek/-/hoek-2.16.3.tgz",
      "integrity": "sha1-ILt0A9POo5jpHcRxCo/xuCdKJe0="
    },
    "http-basic": {
      "version": "https://registry.npmjs.org/http-basic/-/http-basic-2.5.1.tgz",
      "integrity": "sha1-jORHvbW2xXf4pj4/p4BW7Eu02/s=",
      "requires": {
        "caseless": "https://registry.npmjs.org/caseless/-/caseless-0.11.0.tgz",
        "concat-stream": "https://registry.npmjs.org/concat-stream/-/concat-stream-1.6.0.tgz",
        "http-response-object": "https://registry.npmjs.org/http-response-object/-/http-response-object-1.1.0.tgz"
      },
      "dependencies": {
        "caseless": {
          "version": "https://registry.npmjs.org/caseless/-/caseless-0.11.0.tgz",
          "integrity": "sha1-cVuW6phBWTzDMGeSP17GDr2k99c="
        }
      }
    },
    "http-response-object": {
      "version": "https://registry.npmjs.org/http-response-object/-/http-response-object-1.1.0.tgz",
      "integrity": "sha1-p8TnWq6C87tJBOT0P2FWc7TVGMM="
    },
    "http-signature": {
      "version": "https://registry.npmjs.org/http-signature/-/http-signature-1.1.1.tgz",
      "integrity": "sha1-33LiZwZs0Kxn+3at+OE0qPvPkb8=",
      "requires": {
        "assert-plus": "https://registry.npmjs.org/assert-plus/-/assert-plus-0.2.0.tgz",
        "jsprim": "https://registry.npmjs.org/jsprim/-/jsprim-1.4.0.tgz",
        "sshpk": "http://artifactory.dev.bol.com/artifactory/api/npm/npm-bol/sshpk/-/sshpk-1.13.1.tgz"
      }
    },
    "iconv-lite": {
      "version": "http://artifactory.dev.bol.com/artifactory/api/npm/npm-bol/iconv-lite/-/iconv-lite-0.4.18.tgz",
      "integrity": "sha1-I9hlaxaq5nQqwpcy6o8DNqR4nPI=",
      "dev": true
    },
    "inflight": {
      "version": "https://registry.npmjs.org/inflight/-/inflight-1.0.6.tgz",
      "integrity": "sha1-Sb1jMdfQLQwJvJEKEHW6gWW1bfk=",
      "dev": true,
      "requires": {
        "once": "https://registry.npmjs.org/once/-/once-1.4.0.tgz",
        "wrappy": "https://registry.npmjs.org/wrappy/-/wrappy-1.0.2.tgz"
      }
    },
    "inherits": {
      "version": "https://registry.npmjs.org/inherits/-/inherits-2.0.3.tgz",
      "integrity": "sha1-Yzwsg+PaQqUC9SRmAiSA9CCCYd4="
    },
    "is-stream": {
      "version": "https://registry.npmjs.org/is-stream/-/is-stream-1.1.0.tgz",
      "integrity": "sha1-EtSj3U5o4Lec6428hBc66A2RykQ=",
      "dev": true
    },
    "is-typedarray": {
      "version": "https://registry.npmjs.org/is-typedarray/-/is-typedarray-1.0.0.tgz",
      "integrity": "sha1-5HnICFjfDBsR3dppQPlgEfzaSpo="
    },
    "isarray": {
      "version": "https://registry.npmjs.org/isarray/-/isarray-1.0.0.tgz",
      "integrity": "sha1-u5NdSFgsuhaMBoNJV6VKPgcSTxE="
    },
    "isstream": {
      "version": "https://registry.npmjs.org/isstream/-/isstream-0.1.2.tgz",
      "integrity": "sha1-R+Y/evVa+m+S4VAOaQ64uFKcCZo="
    },
    "js-yaml": {
      "version": "https://registry.npmjs.org/js-yaml/-/js-yaml-3.9.0.tgz",
      "integrity": "sha1-T/u/JcKsljuCmdx02n43QN4cGM4=",
      "requires": {
        "argparse": "https://registry.npmjs.org/argparse/-/argparse-1.0.9.tgz",
        "esprima": "https://registry.npmjs.org/esprima/-/esprima-4.0.0.tgz"
      },
      "dependencies": {
        "argparse": {
          "version": "https://registry.npmjs.org/argparse/-/argparse-1.0.9.tgz",
          "integrity": "sha1-c9g7wmP4bpf4zE9rrhsOkKfSLIY=",
          "requires": {
            "sprintf-js": "https://registry.npmjs.org/sprintf-js/-/sprintf-js-1.0.3.tgz"
          }
        }
      }
    },
    "jsbn": {
      "version": "https://registry.npmjs.org/jsbn/-/jsbn-0.1.1.tgz",
      "integrity": "sha1-peZUwuWi3rXyAdls77yoDA7y9RM=",
      "optional": true
    },
    "json-schema": {
      "version": "https://registry.npmjs.org/json-schema/-/json-schema-0.2.3.tgz",
      "integrity": "sha1-tIDIkuWaLwWVTOcnvT8qTogvnhM="
    },
    "json-stable-stringify": {
      "version": "https://registry.npmjs.org/json-stable-stringify/-/json-stable-stringify-1.0.1.tgz",
      "integrity": "sha1-mnWdOcXy/1A/1TAGRu1EX4jE+a8=",
      "requires": {
        "jsonify": "https://registry.npmjs.org/jsonify/-/jsonify-0.0.0.tgz"
      }
    },
    "json-stringify-safe": {
      "version": "https://registry.npmjs.org/json-stringify-safe/-/json-stringify-safe-5.0.1.tgz",
      "integrity": "sha1-Epai1Y/UXxmg9s4B1lcB4sc1tus="
    },
    "json3": {
      "version": "https://registry.npmjs.org/json3/-/json3-3.3.2.tgz",
      "integrity": "sha1-PAQ0dD35Pi9cQq7nsZvLSDV19OE=",
      "dev": true
    },
    "jsonify": {
      "version": "https://registry.npmjs.org/jsonify/-/jsonify-0.0.0.tgz",
      "integrity": "sha1-LHS27kHZPKUbe1qu6PUDYx0lKnM="
    },
    "jsonschema": {
      "version": "https://registry.npmjs.org/jsonschema/-/jsonschema-1.1.1.tgz",
      "integrity": "sha1-PO3o4+QR03eHLu+8n98mODy8Ptk="
    },
    "jsprim": {
      "version": "https://registry.npmjs.org/jsprim/-/jsprim-1.4.0.tgz",
      "integrity": "sha1-o7h+QCmNjDgFUtjMdiigu5WiKRg=",
      "requires": {
        "assert-plus": "https://registry.npmjs.org/assert-plus/-/assert-plus-1.0.0.tgz",
        "extsprintf": "https://registry.npmjs.org/extsprintf/-/extsprintf-1.0.2.tgz",
        "json-schema": "https://registry.npmjs.org/json-schema/-/json-schema-0.2.3.tgz",
        "verror": "https://registry.npmjs.org/verror/-/verror-1.3.6.tgz"
      },
      "dependencies": {
        "assert-plus": {
          "version": "https://registry.npmjs.org/assert-plus/-/assert-plus-1.0.0.tgz",
          "integrity": "sha1-8S4PPF13sLHN2RRpQuTpbB5N1SU="
        }
      }
    },
    "lodash": {
      "version": "https://registry.npmjs.org/lodash/-/lodash-4.17.4.tgz",
      "integrity": "sha1-eCA6TRwyiuHYbcpkYONptX9AVa4="
    },
    "lodash._baseassign": {
      "version": "https://registry.npmjs.org/lodash._baseassign/-/lodash._baseassign-3.2.0.tgz",
      "integrity": "sha1-jDigmVAPIVrQnlnxci/QxSv+Ck4=",
      "dev": true,
      "requires": {
        "lodash._basecopy": "https://registry.npmjs.org/lodash._basecopy/-/lodash._basecopy-3.0.1.tgz",
        "lodash.keys": "https://registry.npmjs.org/lodash.keys/-/lodash.keys-3.1.2.tgz"
      }
    },
    "lodash._basecopy": {
      "version": "https://registry.npmjs.org/lodash._basecopy/-/lodash._basecopy-3.0.1.tgz",
      "integrity": "sha1-jaDmqHbPNEwK2KVIghEd08XHyjY=",
      "dev": true
    },
    "lodash._basecreate": {
      "version": "https://registry.npmjs.org/lodash._basecreate/-/lodash._basecreate-3.0.3.tgz",
      "integrity": "sha1-G8ZhYU2qf8MRt9A78WgGoCE8+CE=",
      "dev": true
    },
    "lodash._getnative": {
      "version": "https://registry.npmjs.org/lodash._getnative/-/lodash._getnative-3.9.1.tgz",
      "integrity": "sha1-VwvH3t5G1hzc3mh9ZdPuy6o6r/U=",
      "dev": true
    },
    "lodash._isiterateecall": {
      "version": "https://registry.npmjs.org/lodash._isiterateecall/-/lodash._isiterateecall-3.0.9.tgz",
      "integrity": "sha1-UgOte6Ql+uhCRg5pbbnPPmqsBXw=",
      "dev": true
    },
    "lodash.create": {
      "version": "https://registry.npmjs.org/lodash.create/-/lodash.create-3.1.1.tgz",
      "integrity": "sha1-1/KEnw29p+BGgruM1yqwIkYd6+c=",
      "dev": true,
      "requires": {
        "lodash._baseassign": "https://registry.npmjs.org/lodash._baseassign/-/lodash._baseassign-3.2.0.tgz",
        "lodash._basecreate": "https://registry.npmjs.org/lodash._basecreate/-/lodash._basecreate-3.0.3.tgz",
        "lodash._isiterateecall": "https://registry.npmjs.org/lodash._isiterateecall/-/lodash._isiterateecall-3.0.9.tgz"
      }
    },
    "lodash.isarguments": {
      "version": "https://registry.npmjs.org/lodash.isarguments/-/lodash.isarguments-3.1.0.tgz",
      "integrity": "sha1-L1c9hcaiQon/AGY7SRwdM4/zRYo=",
      "dev": true
    },
    "lodash.isarray": {
      "version": "https://registry.npmjs.org/lodash.isarray/-/lodash.isarray-3.0.4.tgz",
      "integrity": "sha1-eeTriMNqgSKvhvhEqpvNhRtfu1U=",
      "dev": true
    },
    "lodash.keys": {
      "version": "https://registry.npmjs.org/lodash.keys/-/lodash.keys-3.1.2.tgz",
      "integrity": "sha1-TbwEcrFWvlCgsoaFXRvQsMZWCYo=",
      "dev": true,
      "requires": {
        "lodash._getnative": "https://registry.npmjs.org/lodash._getnative/-/lodash._getnative-3.9.1.tgz",
        "lodash.isarguments": "https://registry.npmjs.org/lodash.isarguments/-/lodash.isarguments-3.1.0.tgz",
        "lodash.isarray": "https://registry.npmjs.org/lodash.isarray/-/lodash.isarray-3.0.4.tgz"
      }
    },
    "marked": {
      "version": "https://registry.npmjs.org/marked/-/marked-0.3.6.tgz",
      "integrity": "sha1-ssbGGPzOzk74bE/Gy4p8v1rtqNc="
    },
    "mime-db": {
      "version": "https://registry.npmjs.org/mime-db/-/mime-db-1.29.0.tgz",
      "integrity": "sha1-SNJtI1WJZRcErFkWygYAGRQmaHg="
    },
    "mime-types": {
      "version": "https://registry.npmjs.org/mime-types/-/mime-types-2.1.16.tgz",
      "integrity": "sha1-K4WKUuXs1RbbiXrCvodIeDBpjiM=",
      "requires": {
        "mime-db": "https://registry.npmjs.org/mime-db/-/mime-db-1.29.0.tgz"
      }
    },
    "minimatch": {
      "version": "https://registry.npmjs.org/minimatch/-/minimatch-3.0.4.tgz",
      "integrity": "sha1-UWbihkV/AzBgZL5Ul+jbsMPTIIM=",
      "dev": true,
      "requires": {
        "brace-expansion": "http://artifactory.dev.bol.com/artifactory/api/npm/npm-bol/brace-expansion/-/brace-expansion-1.1.8.tgz"
      }
    },
    "minimist": {
      "version": "https://registry.npmjs.org/minimist/-/minimist-0.0.8.tgz",
      "integrity": "sha1-hX/Kv8M5fSYluCKCYuhqp6ARsF0=",
      "dev": true
    },
    "mkdirp": {
      "version": "https://registry.npmjs.org/mkdirp/-/mkdirp-0.5.1.tgz",
      "integrity": "sha1-MAV0OOrGz3+MR2fzhkjWaX11yQM=",
      "dev": true,
      "requires": {
        "minimist": "https://registry.npmjs.org/minimist/-/minimist-0.0.8.tgz"
      }
    },
    "mocha": {
      "version": "http://artifactory.dev.bol.com/artifactory/api/npm/npm-bol/mocha/-/mocha-3.4.2.tgz",
      "integrity": "sha1-0O9NMyEm2/GNDWQMmzgt1IvpdZQ=",
      "dev": true,
      "requires": {
        "browser-stdout": "https://registry.npmjs.org/browser-stdout/-/browser-stdout-1.3.0.tgz",
        "commander": "https://registry.npmjs.org/commander/-/commander-2.9.0.tgz",
        "debug": "https://registry.npmjs.org/debug/-/debug-2.6.0.tgz",
        "diff": "https://registry.npmjs.org/diff/-/diff-3.2.0.tgz",
        "escape-string-regexp": "https://registry.npmjs.org/escape-string-regexp/-/escape-string-regexp-1.0.5.tgz",
        "glob": "https://registry.npmjs.org/glob/-/glob-7.1.1.tgz",
        "growl": "https://registry.npmjs.org/growl/-/growl-1.9.2.tgz",
        "json3": "https://registry.npmjs.org/json3/-/json3-3.3.2.tgz",
        "lodash.create": "https://registry.npmjs.org/lodash.create/-/lodash.create-3.1.1.tgz",
        "mkdirp": "https://registry.npmjs.org/mkdirp/-/mkdirp-0.5.1.tgz",
        "supports-color": "https://registry.npmjs.org/supports-color/-/supports-color-3.1.2.tgz"
      }
    },
    "mock-fs": {
      "version": "https://registry.npmjs.org/mock-fs/-/mock-fs-4.4.1.tgz",
      "integrity": "sha1-8oX6AltCpAMfr3W2b2MrIecFZoM=",
      "dev": true
    },
    "ms": {
      "version": "https://registry.npmjs.org/ms/-/ms-0.7.2.tgz",
      "integrity": "sha1-riXPJRKziFodldfwN4aNhDESR2U=",
      "dev": true
    },
    "node-fetch": {
      "version": "https://registry.npmjs.org/node-fetch/-/node-fetch-1.7.1.tgz",
      "integrity": "sha1-iZyz0KPJL5UsR/G4dvTIrqvUANU=",
      "dev": true,
      "requires": {
        "encoding": "https://registry.npmjs.org/encoding/-/encoding-0.1.12.tgz",
        "is-stream": "https://registry.npmjs.org/is-stream/-/is-stream-1.1.0.tgz"
      }
    },
    "oauth-sign": {
      "version": "https://registry.npmjs.org/oauth-sign/-/oauth-sign-0.8.2.tgz",
      "integrity": "sha1-Rqarfwrq2N6unsBWV4C31O/rnUM="
    },
    "once": {
      "version": "https://registry.npmjs.org/once/-/once-1.4.0.tgz",
      "integrity": "sha1-WDsap3WWHUsROsF9nFC6753Xa9E=",
      "dev": true,
      "requires": {
        "wrappy": "https://registry.npmjs.org/wrappy/-/wrappy-1.0.2.tgz"
      }
    },
    "path-is-absolute": {
      "version": "https://registry.npmjs.org/path-is-absolute/-/path-is-absolute-1.0.1.tgz",
      "integrity": "sha1-F0uSaHNVNP+8es5r9TpanhtcX18=",
      "dev": true
    },
    "path-to-regexp": {
      "version": "https://registry.npmjs.org/path-to-regexp/-/path-to-regexp-1.7.0.tgz",
      "integrity": "sha1-Wf3g9DW62suhA6hOnTvGTpa5k30=",
      "dev": true,
      "requires": {
        "isarray": "https://registry.npmjs.org/isarray/-/isarray-0.0.1.tgz"
      },
      "dependencies": {
        "isarray": {
          "version": "https://registry.npmjs.org/isarray/-/isarray-0.0.1.tgz",
          "integrity": "sha1-ihis/Kmo9Bd+Cav8YDiTmwXR7t8=",
          "dev": true
        }
      }
    },
    "performance-now": {
      "version": "https://registry.npmjs.org/performance-now/-/performance-now-0.2.0.tgz",
      "integrity": "sha1-M+8wxcd9TqIcWlOGnZG1bY8lVeU="
    },
    "process-nextick-args": {
      "version": "https://registry.npmjs.org/process-nextick-args/-/process-nextick-args-1.0.7.tgz",
      "integrity": "sha1-FQ4gt1ZZCtP5EJPyWk8q2L/zC6M="
    },
    "promise": {
      "version": "https://registry.npmjs.org/promise/-/promise-7.3.1.tgz",
      "integrity": "sha1-BktyYCsY+Q8pGSuLG8QY/9Hr078=",
      "requires": {
        "asap": "https://registry.npmjs.org/asap/-/asap-2.0.6.tgz"
      }
    },
    "punycode": {
      "version": "https://registry.npmjs.org/punycode/-/punycode-1.4.1.tgz",
      "integrity": "sha1-wNWmOycYgArY4esPpSachN1BhF4="
    },
    "qs": {
      "version": "https://registry.npmjs.org/qs/-/qs-6.4.0.tgz",
      "integrity": "sha1-E+JtKK1rD/qpExLNO/cI7TUecjM="
    },
    "readable-stream": {
      "version": "https://registry.npmjs.org/readable-stream/-/readable-stream-2.3.3.tgz",
      "integrity": "sha1-No8lEtefnUb9/HE0mueHi7weuVw=",
      "requires": {
        "core-util-is": "https://registry.npmjs.org/core-util-is/-/core-util-is-1.0.2.tgz",
        "inherits": "https://registry.npmjs.org/inherits/-/inherits-2.0.3.tgz",
        "isarray": "https://registry.npmjs.org/isarray/-/isarray-1.0.0.tgz",
        "process-nextick-args": "https://registry.npmjs.org/process-nextick-args/-/process-nextick-args-1.0.7.tgz",
        "safe-buffer": "http://artifactory.dev.bol.com/artifactory/api/npm/npm-bol/safe-buffer/-/safe-buffer-5.1.1.tgz",
        "string_decoder": "http://artifactory.dev.bol.com/artifactory/api/npm/npm-bol/string_decoder/-/string_decoder-1.0.3.tgz",
        "util-deprecate": "https://registry.npmjs.org/util-deprecate/-/util-deprecate-1.0.2.tgz"
      }
    },
    "remarkable": {
      "version": "https://registry.npmjs.org/remarkable/-/remarkable-1.7.1.tgz",
      "integrity": "sha1-qspJchALZqZCpjoQIcpLrBvjv/Y=",
      "requires": {
        "argparse": "https://registry.npmjs.org/argparse/-/argparse-0.1.16.tgz",
        "autolinker": "https://registry.npmjs.org/autolinker/-/autolinker-0.15.3.tgz"
      }
    },
    "remarkable-meta": {
      "version": "https://registry.npmjs.org/remarkable-meta/-/remarkable-meta-1.0.1.tgz",
      "integrity": "sha1-Tup/qFudeqDmefb0k307nn1qQGI=",
      "requires": {
        "js-yaml": "https://registry.npmjs.org/js-yaml/-/js-yaml-3.9.0.tgz"
      }
    },
    "remarkable-variables": {
      "version": "https://registry.npmjs.org/remarkable-variables/-/remarkable-variables-2.0.0.tgz",
      "integrity": "sha1-BL9pbFDS7k3Ape7zm06OPh6oTqI="
    },
    "request": {
      "version": "https://registry.npmjs.org/request/-/request-2.81.0.tgz",
      "integrity": "sha1-xpKJRqDgbF+Nb4qTM0af/aRimKA=",
      "requires": {
        "aws-sign2": "https://registry.npmjs.org/aws-sign2/-/aws-sign2-0.6.0.tgz",
        "aws4": "https://registry.npmjs.org/aws4/-/aws4-1.6.0.tgz",
        "caseless": "https://registry.npmjs.org/caseless/-/caseless-0.12.0.tgz",
        "combined-stream": "https://registry.npmjs.org/combined-stream/-/combined-stream-1.0.5.tgz",
        "extend": "https://registry.npmjs.org/extend/-/extend-3.0.1.tgz",
        "forever-agent": "https://registry.npmjs.org/forever-agent/-/forever-agent-0.6.1.tgz",
        "form-data": "https://registry.npmjs.org/form-data/-/form-data-2.1.4.tgz",
        "har-validator": "https://registry.npmjs.org/har-validator/-/har-validator-4.2.1.tgz",
        "hawk": "https://registry.npmjs.org/hawk/-/hawk-3.1.3.tgz",
        "http-signature": "https://registry.npmjs.org/http-signature/-/http-signature-1.1.1.tgz",
        "is-typedarray": "https://registry.npmjs.org/is-typedarray/-/is-typedarray-1.0.0.tgz",
        "isstream": "https://registry.npmjs.org/isstream/-/isstream-0.1.2.tgz",
        "json-stringify-safe": "https://registry.npmjs.org/json-stringify-safe/-/json-stringify-safe-5.0.1.tgz",
        "mime-types": "https://registry.npmjs.org/mime-types/-/mime-types-2.1.16.tgz",
        "oauth-sign": "https://registry.npmjs.org/oauth-sign/-/oauth-sign-0.8.2.tgz",
        "performance-now": "https://registry.npmjs.org/performance-now/-/performance-now-0.2.0.tgz",
        "qs": "https://registry.npmjs.org/qs/-/qs-6.4.0.tgz",
        "safe-buffer": "http://artifactory.dev.bol.com/artifactory/api/npm/npm-bol/safe-buffer/-/safe-buffer-5.1.1.tgz",
        "stringstream": "https://registry.npmjs.org/stringstream/-/stringstream-0.0.5.tgz",
        "tough-cookie": "https://registry.npmjs.org/tough-cookie/-/tough-cookie-2.3.2.tgz",
        "tunnel-agent": "https://registry.npmjs.org/tunnel-agent/-/tunnel-agent-0.6.0.tgz",
        "uuid": "http://artifactory.dev.bol.com/artifactory/api/npm/npm-bol/uuid/-/uuid-3.1.0.tgz"
      }
    },
    "resolve-url": {
      "version": "https://registry.npmjs.org/resolve-url/-/resolve-url-0.2.1.tgz",
      "integrity": "sha1-LGN/53yJOv0qZj/iGqkIAGjiBSo="
    },
    "safe-buffer": {
      "version": "http://artifactory.dev.bol.com/artifactory/api/npm/npm-bol/safe-buffer/-/safe-buffer-5.1.1.tgz",
      "integrity": "sha1-iTMSr2myEj3vcfV4iQAWce6yyFM="
    },
    "sntp": {
      "version": "https://registry.npmjs.org/sntp/-/sntp-1.0.9.tgz",
      "integrity": "sha1-ZUEYTMkK7qbG57NeJlkIJEPGYZg=",
      "requires": {
        "hoek": "https://registry.npmjs.org/hoek/-/hoek-2.16.3.tgz"
      }
    },
    "sprintf-js": {
      "version": "https://registry.npmjs.org/sprintf-js/-/sprintf-js-1.0.3.tgz",
      "integrity": "sha1-BOaSb2YolTVPPdAVIDYzuFcpfiw="
    },
    "sshpk": {
      "version": "http://artifactory.dev.bol.com/artifactory/api/npm/npm-bol/sshpk/-/sshpk-1.13.1.tgz",
      "integrity": "sha1-US322mKHFEMW3EwY/hzx2UBzm+M=",
      "requires": {
        "asn1": "https://registry.npmjs.org/asn1/-/asn1-0.2.3.tgz",
        "assert-plus": "https://registry.npmjs.org/assert-plus/-/assert-plus-1.0.0.tgz",
        "bcrypt-pbkdf": "https://registry.npmjs.org/bcrypt-pbkdf/-/bcrypt-pbkdf-1.0.1.tgz",
        "dashdash": "https://registry.npmjs.org/dashdash/-/dashdash-1.14.1.tgz",
        "ecc-jsbn": "https://registry.npmjs.org/ecc-jsbn/-/ecc-jsbn-0.1.1.tgz",
        "getpass": "https://registry.npmjs.org/getpass/-/getpass-0.1.7.tgz",
        "jsbn": "https://registry.npmjs.org/jsbn/-/jsbn-0.1.1.tgz",
        "tweetnacl": "https://registry.npmjs.org/tweetnacl/-/tweetnacl-0.14.5.tgz"
      },
      "dependencies": {
        "assert-plus": {
          "version": "https://registry.npmjs.org/assert-plus/-/assert-plus-1.0.0.tgz",
          "integrity": "sha1-8S4PPF13sLHN2RRpQuTpbB5N1SU="
        }
      }
    },
    "string_decoder": {
      "version": "http://artifactory.dev.bol.com/artifactory/api/npm/npm-bol/string_decoder/-/string_decoder-1.0.3.tgz",
      "integrity": "sha1-D8Z9fBQYJd6UKC3VNr7GubzoYKs=",
      "requires": {
        "safe-buffer": "http://artifactory.dev.bol.com/artifactory/api/npm/npm-bol/safe-buffer/-/safe-buffer-5.1.1.tgz"
      }
    },
    "stringstream": {
      "version": "https://registry.npmjs.org/stringstream/-/stringstream-0.0.5.tgz",
      "integrity": "sha1-TkhM1N5aC7vuGORjB3EKioFiGHg="
    },
    "supports-color": {
      "version": "https://registry.npmjs.org/supports-color/-/supports-color-3.1.2.tgz",
      "integrity": "sha1-cqJiiU2dQIuVbKBf83su2KbiotU=",
      "dev": true,
      "requires": {
        "has-flag": "https://registry.npmjs.org/has-flag/-/has-flag-1.0.0.tgz"
      }
    },
    "sync-request": {
      "version": "https://registry.npmjs.org/sync-request/-/sync-request-3.0.1.tgz",
      "integrity": "sha1-yqEjWq+Im6UBB2oYNMQ2gwqC+3M=",
      "requires": {
        "concat-stream": "https://registry.npmjs.org/concat-stream/-/concat-stream-1.6.0.tgz",
        "http-response-object": "https://registry.npmjs.org/http-response-object/-/http-response-object-1.1.0.tgz",
        "then-request": "https://registry.npmjs.org/then-request/-/then-request-2.2.0.tgz"
      }
    },
    "then-request": {
      "version": "https://registry.npmjs.org/then-request/-/then-request-2.2.0.tgz",
      "integrity": "sha1-ZnizL6DKIY/laZgbvYhxtZQGDYE=",
      "requires": {
        "caseless": "https://registry.npmjs.org/caseless/-/caseless-0.11.0.tgz",
        "concat-stream": "https://registry.npmjs.org/concat-stream/-/concat-stream-1.6.0.tgz",
        "http-basic": "https://registry.npmjs.org/http-basic/-/http-basic-2.5.1.tgz",
        "http-response-object": "https://registry.npmjs.org/http-response-object/-/http-response-object-1.1.0.tgz",
        "promise": "https://registry.npmjs.org/promise/-/promise-7.3.1.tgz",
        "qs": "https://registry.npmjs.org/qs/-/qs-6.4.0.tgz"
      },
      "dependencies": {
        "caseless": {
          "version": "https://registry.npmjs.org/caseless/-/caseless-0.11.0.tgz",
          "integrity": "sha1-cVuW6phBWTzDMGeSP17GDr2k99c="
        }
      }
    },
    "tough-cookie": {
      "version": "https://registry.npmjs.org/tough-cookie/-/tough-cookie-2.3.2.tgz",
      "integrity": "sha1-8IH3bkyFcg5sN6X6ztc3FQ2EByo=",
      "requires": {
        "punycode": "https://registry.npmjs.org/punycode/-/punycode-1.4.1.tgz"
      }
    },
    "tunnel-agent": {
      "version": "https://registry.npmjs.org/tunnel-agent/-/tunnel-agent-0.6.0.tgz",
      "integrity": "sha1-J6XeoGs2sEoKmWZ3SykIaPD8QP0=",
      "requires": {
        "safe-buffer": "http://artifactory.dev.bol.com/artifactory/api/npm/npm-bol/safe-buffer/-/safe-buffer-5.1.1.tgz"
      }
    },
    "tweetnacl": {
      "version": "https://registry.npmjs.org/tweetnacl/-/tweetnacl-0.14.5.tgz",
      "integrity": "sha1-WuaBd/GS1EViadEIr6k/+HQ/T2Q=",
      "optional": true
    },
    "typedarray": {
      "version": "https://registry.npmjs.org/typedarray/-/typedarray-0.0.6.tgz",
      "integrity": "sha1-hnrHTjhkGHsdPUfZlqeOxciDB3c="
    },
    "underscore": {
      "version": "https://registry.npmjs.org/underscore/-/underscore-1.7.0.tgz",
      "integrity": "sha1-a7rwh3UA02vjTsqlhODbn+8DUgk="
    },
    "underscore.string": {
      "version": "https://registry.npmjs.org/underscore.string/-/underscore.string-2.4.0.tgz",
      "integrity": "sha1-jN2PusTi0uoefi6Al8QvRCKA+Fs="
    },
    "util-deprecate": {
      "version": "https://registry.npmjs.org/util-deprecate/-/util-deprecate-1.0.2.tgz",
      "integrity": "sha1-RQ1Nyfpw3nMnYvvS1KKJgUGaDM8="
    },
    "uuid": {
      "version": "http://artifactory.dev.bol.com/artifactory/api/npm/npm-bol/uuid/-/uuid-3.1.0.tgz",
      "integrity": "sha1-PdPT55Crwk17DToDT/q6vijrvAQ="
    },
    "verror": {
      "version": "https://registry.npmjs.org/verror/-/verror-1.3.6.tgz",
      "integrity": "sha1-z/XfEpRtKX0rqu+qJoniW+AcAFw=",
      "requires": {
        "extsprintf": "https://registry.npmjs.org/extsprintf/-/extsprintf-1.0.2.tgz"
      }
    },
    "wrappy": {
      "version": "https://registry.npmjs.org/wrappy/-/wrappy-1.0.2.tgz",
      "integrity": "sha1-tSQ9jz7BqjXxNkYFvA0QNuMKtp8=",
      "dev": true
    }
  }
}
